PODS:
  - AJAppEventSwift (0.1.0)
  - AJKitSwift (0.1.0):
    - AJKitSwift/Foundation (= 0.1.0)
  - AJKitSwift/Foundation (0.1.0)

DEPENDENCIES:
  - AJAppEventSwift (from `../`)
  - AJKitSwift

SPEC REPOS:
  trunk:
    - AJKitSwift

EXTERNAL SOURCES:
  AJAppEventSwift:
    :path: "../"

SPEC CHECKSUMS:
  AJAppEventSwift: 75f703681c1ee7e0b25ed2418fceb4648bca31bf
  AJKitSwift: 518d81fb7fe75f5d601cc612df78797f880c8728

PODFILE CHECKSUM: 304d08bdcdc1be5c0efd8f4acbb76c86fec8d17c

COCOAPODS: 1.8.4
